
Microsoft Visual Studio Solution File, Format Version 12.00
Project("{2150E333-8FDC-42A3-9474-1A3956D46DE8}") = "common", "common", "{1EF15C7C-54DD-4893-AE90-24E95F99F72A}"
ProjectSection(SolutionItems) = preProject
	.gitignore = .gitignore
	Dockerfile = Dockerfile
	scripts\docker-compose.yml = scripts\docker-compose.yml
	README.md = README.md
EndProjectSection
EndProject
Project("{2150E333-8FDC-42A3-9474-1A3956D46DE8}") = "src", "src", "{E020802C-08F7-43E9-901F-3F2409F9CDF9}"
EndProject
Project("{2150E333-8FDC-42A3-9474-1A3956D46DE8}") = "tests", "tests", "{9C2330C4-E239-4DE1-9566-8C7E04C51B36}"
EndProject
Project("{FAE04EC0-301F-11D3-BF4B-00C04F79EFBC}") = "OzonEdu.MerchandiseService", "src\OzonEdu.MerchandiseService\OzonEdu.MerchandiseService.csproj", "{BC628A7A-F240-480D-9C0D-EBBC9E3381E5}"
EndProject
Global
	GlobalSection(SolutionConfigurationPlatforms) = preSolution
		Debug|Any CPU = Debug|Any CPU
		Release|Any CPU = Release|Any CPU
	EndGlobalSection
	GlobalSection(NestedProjects) = preSolution
		{BC628A7A-F240-480D-9C0D-EBBC9E3381E5} = {E020802C-08F7-43E9-901F-3F2409F9CDF9}
	EndGlobalSection
	GlobalSection(ProjectConfigurationPlatforms) = postSolution
		{BC628A7A-F240-480D-9C0D-EBBC9E3381E5}.Debug|Any CPU.ActiveCfg = Debug|Any CPU
		{BC628A7A-F240-480D-9C0D-EBBC9E3381E5}.Debug|Any CPU.Build.0 = Debug|Any CPU
		{BC628A7A-F240-480D-9C0D-EBBC9E3381E5}.Release|Any CPU.ActiveCfg = Release|Any CPU
		{BC628A7A-F240-480D-9C0D-EBBC9E3381E5}.Release|Any CPU.Build.0 = Release|Any CPU
	EndGlobalSection
EndGlobal
